
Microsoft Visual Studio Solution File, Format Version 12.00
# Visual Studio Version 17
VisualStudioVersion = 17.5.33414.496
MinimumVisualStudioVersion = 10.0.40219.1
Project("{FAE04EC0-301F-11D3-BF4B-00C04F79EFBC}") = "skf", "skf\skf.csproj", "{3C2C87C3-2CE7-422B-B421-97E994314A80}"
EndProject
Global
	GlobalSection(SolutionConfigurationPlatforms) = preSolution
		Debug|Any CPU = Debug|Any CPU
		Release|Any CPU = Release|Any CPU
	EndGlobalSection
	GlobalSection(ProjectConfigurationPlatforms) = postSolution
		{3C2C87C3-2CE7-422B-B421-97E994314A80}.Debug|Any CPU.ActiveCfg = Debug|Any CPU
		{3C2C87C3-2CE7-422B-B421-97E994314A80}.Debug|Any CPU.Build.0 = Debug|Any CPU
		{3C2C87C3-2CE7-422B-B421-97E994314A80}.Release|Any CPU.ActiveCfg = Release|Any CPU
		{3C2C87C3-2CE7-422B-B421-97E994314A80}.Release|Any CPU.Build.0 = Release|Any CPU
	EndGlobalSection
	GlobalSection(SolutionProperties) = preSolution
		HideSolutionNode = FALSE
	EndGlobalSection
	GlobalSection(ExtensibilityGlobals) = postSolution
		SolutionGuid = {EB227978-12A6-49D4-B5BB-AB0790EE1FB1}
	EndGlobalSection
EndGlobal
